# This file is automatically @generated by Cargo.
# It is not intended for manual editing.
version = 4

[[package]]
name = "QRmakerForLiveServer"
version = "0.1.0"
dependencies = [
 "qrcode",
]

[[package]]
name = "autocfg"
version = "1.5.0"
source = "registry+https://github.com/rust-lang/crates.io-index"
checksum = "c08606f8c3cbf4ce6ec8e28fb0014a2c086708fe954eaa885384a6165172e7e8"

[[package]]
name = "bytemuck"
version = "1.23.2"
source = "registry+https://github.com/rust-lang/crates.io-index"
checksum = "3995eaeebcdf32f91f980d360f78732ddc061097ab4e39991ae7a6ace9194677"

[[package]]
name = "byteorder-lite"
version = "0.1.0"
source = "registry+https://github.com/rust-lang/crates.io-index"
checksum = "8f1fe948ff07f4bd06c30984e69f5b4899c516a3ef74f34df92a2df2ab535495"

[[package]]
name = "image"
version = "0.25.8"
source = "registry+https://github.com/rust-lang/crates.io-index"
checksum = "529feb3e6769d234375c4cf1ee2ce713682b8e76538cb13f9fc23e1400a591e7"
dependencies = [
 "bytemuck",
 "byteorder-lite",
 "moxcms",
 "num-traits",
]

[[package]]
name = "moxcms"
version = "0.7.5"
source = "registry+https://github.com/rust-lang/crates.io-index"
checksum = "ddd32fa8935aeadb8a8a6b6b351e40225570a37c43de67690383d87ef170cd08"
dependencies = [
 "num-traits",
 "pxfm",
]

[[package]]
name = "num-traits"
version = "0.2.19"
source = "registry+https://github.com/rust-lang/crates.io-index"
checksum = "071dfc062690e90b734c0b2273ce72ad0ffa95f0c74596bc250dcfd960262841"
dependencies = [
 "autocfg",
]

[[package]]
name = "pxfm"
version = "0.1.23"
source = "registry+https://github.com/rust-lang/crates.io-index"
checksum = "f55f4fedc84ed39cb7a489322318976425e42a147e2be79d8f878e2884f94e84"
dependencies = [
 "num-traits",
]

[[package]]
name = "qrcode"
version = "0.14.1"
source = "registry+https://github.com/rust-lang/crates.io-index"
checksum = "d68782463e408eb1e668cf6152704bd856c78c5b6417adaee3203d8f4c1fc9ec"
dependencies = [
 "image",
]
